
Microsoft Visual Studio Solution File, Format Version 12.00
# Visual Studio Version 17
VisualStudioVersion = 17.12.35728.132
MinimumVisualStudioVersion = 10.0.40219.1
Project("{8BC9CEB8-8B4A-11D0-8D11-00A0C91BC942}") = "00_01", "00_01\00_01.vcxproj", "{27769A55-E4BF-4B4A-B57A-2169082AEA32}"
EndProject
Project("{2150E333-8FDC-42A3-9474-1A3956D46DE8}") = "ソリューション項目", "ソリューション項目", "{6F44C511-BACC-4FA9-9B76-4A538877171C}"
	ProjectSection(SolutionItems) = preProject
		.editorconfig = .editorconfig
	EndProjectSection
EndProject
Project("{8BC9CEB8-8B4A-11D0-8D11-00A0C91BC942}") = "01_01", "01_01\01_01.vcxproj", "{AD54E9BB-3227-4B3C-9D0F-2F76AD2C6A8D}"
EndProject
Project("{8BC9CEB8-8B4A-11D0-8D11-00A0C91BC942}") = "01_02", "01_02\01_02.vcxproj", "{9A066AF0-8D2B-4CBA-8B0F-0D273B423E7E}"
EndProject
Project("{8BC9CEB8-8B4A-11D0-8D11-00A0C91BC942}") = "02_01", "02_01\02_01.vcxproj", "{1363AE7D-9AE6-4805-AFEA-3B983D5A8DD6}"
EndProject
Project("{8BC9CEB8-8B4A-11D0-8D11-00A0C91BC942}") = "02_02", "02_02\02_02.vcxproj", "{E4528131-360A-40FA-BD07-E7965C278AE3}"
EndProject
Project("{8BC9CEB8-8B4A-11D0-8D11-00A0C91BC942}") = "02_03", "02_03\02_03.vcxproj", "{DB8B6BD9-4229-4DCE-9D5E-C906A96D2A91}"
EndProject
Project("{8BC9CEB8-8B4A-11D0-8D11-00A0C91BC942}") = "02_04", "02_04\02_04.vcxproj", "{73B0AC2D-1C94-46EB-8F06-AF1266345D2F}"
EndProject
Project("{8BC9CEB8-8B4A-11D0-8D11-00A0C91BC942}") = "03_01", "03_01\03_01.vcxproj", "{1CBDA3C5-3CC4-4991-B2E7-434F6017A76E}"
EndProject
Project("{8BC9CEB8-8B4A-11D0-8D11-00A0C91BC942}") = "03_02", "03_02\03_02.vcxproj", "{C5506ACC-5A3D-42C1-886A-2F2161035736}"
EndProject
Project("{8BC9CEB8-8B4A-11D0-8D11-00A0C91BC942}") = "03_03", "03_03\03_03.vcxproj", "{6CA1D389-F7C0-4387-902D-AC1893C2632A}"
EndProject
Project("{8BC9CEB8-8B4A-11D0-8D11-00A0C91BC942}") = "03_04", "03_04\03_04.vcxproj", "{2EBE55BE-E667-45A8-BD5C-7AEC89D817AE}"
EndProject
Global
	GlobalSection(SolutionConfigurationPlatforms) = preSolution
		Debug|x64 = Debug|x64
		Debug|x86 = Debug|x86
		Release|x64 = Release|x64
		Release|x86 = Release|x86
	EndGlobalSection
	GlobalSection(ProjectConfigurationPlatforms) = postSolution
		{27769A55-E4BF-4B4A-B57A-2169082AEA32}.Debug|x64.ActiveCfg = Debug|x64
		{27769A55-E4BF-4B4A-B57A-2169082AEA32}.Debug|x64.Build.0 = Debug|x64
		{27769A55-E4BF-4B4A-B57A-2169082AEA32}.Debug|x86.ActiveCfg = Debug|Win32
		{27769A55-E4BF-4B4A-B57A-2169082AEA32}.Debug|x86.Build.0 = Debug|Win32
		{27769A55-E4BF-4B4A-B57A-2169082AEA32}.Release|x64.ActiveCfg = Release|x64
		{27769A55-E4BF-4B4A-B57A-2169082AEA32}.Release|x64.Build.0 = Release|x64
		{27769A55-E4BF-4B4A-B57A-2169082AEA32}.Release|x86.ActiveCfg = Release|Win32
		{27769A55-E4BF-4B4A-B57A-2169082AEA32}.Release|x86.Build.0 = Release|Win32
		{AD54E9BB-3227-4B3C-9D0F-2F76AD2C6A8D}.Debug|x64.ActiveCfg = Debug|x64
		{AD54E9BB-3227-4B3C-9D0F-2F76AD2C6A8D}.Debug|x64.Build.0 = Debug|x64
		{AD54E9BB-3227-4B3C-9D0F-2F76AD2C6A8D}.Debug|x86.ActiveCfg = Debug|Win32
		{AD54E9BB-3227-4B3C-9D0F-2F76AD2C6A8D}.Debug|x86.Build.0 = Debug|Win32
		{AD54E9BB-3227-4B3C-9D0F-2F76AD2C6A8D}.Release|x64.ActiveCfg = Release|x64
		{AD54E9BB-3227-4B3C-9D0F-2F76AD2C6A8D}.Release|x64.Build.0 = Release|x64
		{AD54E9BB-3227-4B3C-9D0F-2F76AD2C6A8D}.Release|x86.ActiveCfg = Release|Win32
		{AD54E9BB-3227-4B3C-9D0F-2F76AD2C6A8D}.Release|x86.Build.0 = Release|Win32
		{9A066AF0-8D2B-4CBA-8B0F-0D273B423E7E}.Debug|x64.ActiveCfg = Debug|x64
		{9A066AF0-8D2B-4CBA-8B0F-0D273B423E7E}.Debug|x64.Build.0 = Debug|x64
		{9A066AF0-8D2B-4CBA-8B0F-0D273B423E7E}.Debug|x86.ActiveCfg = Debug|Win32
		{9A066AF0-8D2B-4CBA-8B0F-0D273B423E7E}.Debug|x86.Build.0 = Debug|Win32
		{9A066AF0-8D2B-4CBA-8B0F-0D273B423E7E}.Release|x64.ActiveCfg = Release|x64
		{9A066AF0-8D2B-4CBA-8B0F-0D273B423E7E}.Release|x64.Build.0 = Release|x64
		{9A066AF0-8D2B-4CBA-8B0F-0D273B423E7E}.Release|x86.ActiveCfg = Release|Win32
		{9A066AF0-8D2B-4CBA-8B0F-0D273B423E7E}.Release|x86.Build.0 = Release|Win32
		{1363AE7D-9AE6-4805-AFEA-3B983D5A8DD6}.Debug|x64.ActiveCfg = Debug|x64
		{1363AE7D-9AE6-4805-AFEA-3B983D5A8DD6}.Debug|x64.Build.0 = Debug|x64
		{1363AE7D-9AE6-4805-AFEA-3B983D5A8DD6}.Debug|x86.ActiveCfg = Debug|Win32
		{1363AE7D-9AE6-4805-AFEA-3B983D5A8DD6}.Debug|x86.Build.0 = Debug|Win32
		{1363AE7D-9AE6-4805-AFEA-3B983D5A8DD6}.Release|x64.ActiveCfg = Release|x64
		{1363AE7D-9AE6-4805-AFEA-3B983D5A8DD6}.Release|x64.Build.0 = Release|x64
		{1363AE7D-9AE6-4805-AFEA-3B983D5A8DD6}.Release|x86.ActiveCfg = Release|Win32
		{1363AE7D-9AE6-4805-AFEA-3B983D5A8DD6}.Release|x86.Build.0 = Release|Win32
		{E4528131-360A-40FA-BD07-E7965C278AE3}.Debug|x64.ActiveCfg = Debug|x64
		{E4528131-360A-40FA-BD07-E7965C278AE3}.Debug|x64.Build.0 = Debug|x64
		{E4528131-360A-40FA-BD07-E7965C278AE3}.Debug|x86.ActiveCfg = Debug|Win32
		{E4528131-360A-40FA-BD07-E7965C278AE3}.Debug|x86.Build.0 = Debug|Win32
		{E4528131-360A-40FA-BD07-E7965C278AE3}.Release|x64.ActiveCfg = Release|x64
		{E4528131-360A-40FA-BD07-E7965C278AE3}.Release|x64.Build.0 = Release|x64
		{E4528131-360A-40FA-BD07-E7965C278AE3}.Release|x86.ActiveCfg = Release|Win32
		{E4528131-360A-40FA-BD07-E7965C278AE3}.Release|x86.Build.0 = Release|Win32
		{DB8B6BD9-4229-4DCE-9D5E-C906A96D2A91}.Debug|x64.ActiveCfg = Debug|x64
		{DB8B6BD9-4229-4DCE-9D5E-C906A96D2A91}.Debug|x64.Build.0 = Debug|x64
		{DB8B6BD9-4229-4DCE-9D5E-C906A96D2A91}.Debug|x86.ActiveCfg = Debug|Win32
		{DB8B6BD9-4229-4DCE-9D5E-C906A96D2A91}.Debug|x86.Build.0 = Debug|Win32
		{DB8B6BD9-4229-4DCE-9D5E-C906A96D2A91}.Release|x64.ActiveCfg = Release|x64
		{DB8B6BD9-4229-4DCE-9D5E-C906A96D2A91}.Release|x64.Build.0 = Release|x64
		{DB8B6BD9-4229-4DCE-9D5E-C906A96D2A91}.Release|x86.ActiveCfg = Release|Win32
		{DB8B6BD9-4229-4DCE-9D5E-C906A96D2A91}.Release|x86.Build.0 = Release|Win32
		{73B0AC2D-1C94-46EB-8F06-AF1266345D2F}.Debug|x64.ActiveCfg = Debug|x64
		{73B0AC2D-1C94-46EB-8F06-AF1266345D2F}.Debug|x64.Build.0 = Debug|x64
		{73B0AC2D-1C94-46EB-8F06-AF1266345D2F}.Debug|x86.ActiveCfg = Debug|Win32
		{73B0AC2D-1C94-46EB-8F06-AF1266345D2F}.Debug|x86.Build.0 = Debug|Win32
		{73B0AC2D-1C94-46EB-8F06-AF1266345D2F}.Release|x64.ActiveCfg = Release|x64
		{73B0AC2D-1C94-46EB-8F06-AF1266345D2F}.Release|x64.Build.0 = Release|x64
		{73B0AC2D-1C94-46EB-8F06-AF1266345D2F}.Release|x86.ActiveCfg = Release|Win32
		{73B0AC2D-1C94-46EB-8F06-AF1266345D2F}.Release|x86.Build.0 = Release|Win32
		{1CBDA3C5-3CC4-4991-B2E7-434F6017A76E}.Debug|x64.ActiveCfg = Debug|x64
		{1CBDA3C5-3CC4-4991-B2E7-434F6017A76E}.Debug|x64.Build.0 = Debug|x64
		{1CBDA3C5-3CC4-4991-B2E7-434F6017A76E}.Debug|x86.ActiveCfg = Debug|Win32
		{1CBDA3C5-3CC4-4991-B2E7-434F6017A76E}.Debug|x86.Build.0 = Debug|Win32
		{1CBDA3C5-3CC4-4991-B2E7-434F6017A76E}.Release|x64.ActiveCfg = Release|x64
		{1CBDA3C5-3CC4-4991-B2E7-434F6017A76E}.Release|x64.Build.0 = Release|x64
		{1CBDA3C5-3CC4-4991-B2E7-434F6017A76E}.Release|x86.ActiveCfg = Release|Win32
		{1CBDA3C5-3CC4-4991-B2E7-434F6017A76E}.Release|x86.Build.0 = Release|Win32
		{C5506ACC-5A3D-42C1-886A-2F2161035736}.Debug|x64.ActiveCfg = Debug|x64
		{C5506ACC-5A3D-42C1-886A-2F2161035736}.Debug|x64.Build.0 = Debug|x64
		{C5506ACC-5A3D-42C1-886A-2F2161035736}.Debug|x86.ActiveCfg = Debug|Win32
		{C5506ACC-5A3D-42C1-886A-2F2161035736}.Debug|x86.Build.0 = Debug|Win32
		{C5506ACC-5A3D-42C1-886A-2F2161035736}.Release|x64.ActiveCfg = Release|x64
		{C5506ACC-5A3D-42C1-886A-2F2161035736}.Release|x64.Build.0 = Release|x64
		{C5506ACC-5A3D-42C1-886A-2F2161035736}.Release|x86.ActiveCfg = Release|Win32
		{C5506ACC-5A3D-42C1-886A-2F2161035736}.Release|x86.Build.0 = Release|Win32
		{6CA1D389-F7C0-4387-902D-AC1893C2632A}.Debug|x64.ActiveCfg = Debug|x64
		{6CA1D389-F7C0-4387-902D-AC1893C2632A}.Debug|x64.Build.0 = Debug|x64
		{6CA1D389-F7C0-4387-902D-AC1893C2632A}.Debug|x86.ActiveCfg = Debug|Win32
		{6CA1D389-F7C0-4387-902D-AC1893C2632A}.Debug|x86.Build.0 = Debug|Win32
		{6CA1D389-F7C0-4387-902D-AC1893C2632A}.Release|x64.ActiveCfg = Release|x64
		{6CA1D389-F7C0-4387-902D-AC1893C2632A}.Release|x64.Build.0 = Release|x64
		{6CA1D389-F7C0-4387-902D-AC1893C2632A}.Release|x86.ActiveCfg = Release|Win32
		{6CA1D389-F7C0-4387-902D-AC1893C2632A}.Release|x86.Build.0 = Release|Win32
		{2EBE55BE-E667-45A8-BD5C-7AEC89D817AE}.Debug|x64.ActiveCfg = Debug|x64
		{2EBE55BE-E667-45A8-BD5C-7AEC89D817AE}.Debug|x64.Build.0 = Debug|x64
		{2EBE55BE-E667-45A8-BD5C-7AEC89D817AE}.Debug|x86.ActiveCfg = Debug|Win32
		{2EBE55BE-E667-45A8-BD5C-7AEC89D817AE}.Debug|x86.Build.0 = Debug|Win32
		{2EBE55BE-E667-45A8-BD5C-7AEC89D817AE}.Release|x64.ActiveCfg = Release|x64
		{2EBE55BE-E667-45A8-BD5C-7AEC89D817AE}.Release|x64.Build.0 = Release|x64
		{2EBE55BE-E667-45A8-BD5C-7AEC89D817AE}.Release|x86.ActiveCfg = Release|Win32
		{2EBE55BE-E667-45A8-BD5C-7AEC89D817AE}.Release|x86.Build.0 = Release|Win32
	EndGlobalSection
	GlobalSection(SolutionProperties) = preSolution
		HideSolutionNode = FALSE
	EndGlobalSection
	GlobalSection(ExtensibilityGlobals) = postSolution
		SolutionGuid = {C16E8730-AD02-4553-8F20-334FF4E83E25}
	EndGlobalSection
EndGlobal
